{
  "object": {
    "pins": [
      {
        "package": "Alamofire",
        "repositoryURL": "https://github.com/Alamofire/Alamofire",
        "state": {
          "branch": null,
          "revision": "becd9a729a37bdbef5bc39dc3c702b99f9e3d046",
          "version": "5.2.2"
        }
      },
      {
        "package": "BetterSafariView",
        "repositoryURL": "https://github.com/stleamist/BetterSafariView.git",
        "state": {
          "branch": null,
          "revision": "be7248720af18c57c7a1348b20f6212379b28c6b",
          "version": "2.4.0"
        }
      },
      {
        "package": "DeviceKit",
        "repositoryURL": "https://github.com/devicekit/DeviceKit",
        "state": {
          "branch": null,
          "revision": "cc49d42dafd69c96abbf695cedbefab6441f1afa",
          "version": "4.6.0"
        }
      },
      {
        "package": "Introspect",
        "repositoryURL": "https://github.com/qizh/SwiftUI-Introspect",
        "state": {
          "branch": null,
          "revision": "4f266731dda7612b1b32d717a6914246de4fee64",
          "version": "0.1.5"
        }
      }
    ]
  },
  "version": 1
}
