{
  "object": {
    "pins": [
      {
        "package": "Alamofire",
        "repositoryURL": "https://github.com/Alamofire/Alamofire",
        "state": {
          "branch": null,
          "revision": "78424be314842833c04bc3bef5b72e85fff99204",
          "version": "5.6.4"
        }
      },
      {
        "package": "BetterSafariView",
        "repositoryURL": "https://github.com/stleamist/BetterSafariView.git",
        "state": {
          "branch": null,
          "revision": "dffd42bc70287e761979bc81dd278db5c80f0deb",
          "version": "2.4.1"
        }
      },
      {
        "package": "DeviceKit",
        "repositoryURL": "https://github.com/devicekit/DeviceKit",
        "state": {
          "branch": null,
          "revision": "d37e70cb2646666dcf276d7d3d4a9760a41ff8a6",
          "version": "4.9.0"
        }
      },
      {
        "package": "Introspect",
        "repositoryURL": "https://github.com/qizh/SwiftUI-Introspect",
        "state": {
          "branch": null,
          "revision": "40cfc4f8291fafb71f2218d84127bf201daed2b9",
          "version": "0.1.6"
        }
      }
    ]
  },
  "version": 1
}
